
Microsoft Visual Studio Solution File, Format Version 12.00
# Visual Studio Version 16
VisualStudioVersion = 16.0.30523.141
MinimumVisualStudioVersion = 10.0.40219.1
Project("{9A19103F-16F7-4668-BE54-9A1E7A4F7556}") = "GameofLife", "ConsoleApp1\GameofLife.csproj", "{AD855654-71D7-4A35-B306-09BE2F66AF38}"
EndProject
Project("{FAE04EC0-301F-11D3-BF4B-00C04F79EFBC}") = "FirstUnitTests", "FirstUnitTests\FirstUnitTests.csproj", "{19F7B722-A345-4845-A8CF-D6CAB9DBDBDA}"
EndProject
Global
	GlobalSection(SolutionConfigurationPlatforms) = preSolution
		Debug|Any CPU = Debug|Any CPU
		Release|Any CPU = Release|Any CPU
	EndGlobalSection
	GlobalSection(ProjectConfigurationPlatforms) = postSolution
		{AD855654-71D7-4A35-B306-09BE2F66AF38}.Debug|Any CPU.ActiveCfg = Debug|Any CPU
		{AD855654-71D7-4A35-B306-09BE2F66AF38}.Debug|Any CPU.Build.0 = Debug|Any CPU
		{AD855654-71D7-4A35-B306-09BE2F66AF38}.Release|Any CPU.ActiveCfg = Release|Any CPU
		{AD855654-71D7-4A35-B306-09BE2F66AF38}.Release|Any CPU.Build.0 = Release|Any CPU
		{19F7B722-A345-4845-A8CF-D6CAB9DBDBDA}.Debug|Any CPU.ActiveCfg = Debug|Any CPU
		{19F7B722-A345-4845-A8CF-D6CAB9DBDBDA}.Debug|Any CPU.Build.0 = Debug|Any CPU
		{19F7B722-A345-4845-A8CF-D6CAB9DBDBDA}.Release|Any CPU.ActiveCfg = Release|Any CPU
		{19F7B722-A345-4845-A8CF-D6CAB9DBDBDA}.Release|Any CPU.Build.0 = Release|Any CPU
	EndGlobalSection
	GlobalSection(SolutionProperties) = preSolution
		HideSolutionNode = FALSE
	EndGlobalSection
	GlobalSection(ExtensibilityGlobals) = postSolution
		SolutionGuid = {0E3022EA-CF34-4A30-85BC-6871F3A6AFFD}
	EndGlobalSection
EndGlobal
